// !$*UTF8*$!
{
	archiveVersion = 1;
	classes = {
	};
	objectVersion = 46;
	objects = {

/* Begin PBXBuildFile section */
		046DE1DA1AA01A4E0097BAB0 /* main.m in Sources */ = {isa = PBXBuildFile; fileRef = 046DE1D91AA01A4E0097BAB0 /* main.m */; };
		046DE1E51AA01A4E0097BAB0 /* Images.xcassets in Resources */ = {isa = PBXBuildFile; fileRef = 046DE1E41AA01A4E0097BAB0 /* Images.xcassets */; };
		046DE1E81AA01A4E0097BAB0 /* LaunchScreen.xib in Resources */ = {isa = PBXBuildFile; fileRef = 046DE1E61AA01A4E0097BAB0 /* LaunchScreen.xib */; };
		046DE1F41AA01A4E0097BAB0 /* YTSFinalTests.m in Sources */ = {isa = PBXBuildFile; fileRef = 046DE1F31AA01A4E0097BAB0 /* YTSFinalTests.m */; };
		046DE1FF1AA01A8D0097BAB0 /* AppDelegate.m in Sources */ = {isa = PBXBuildFile; fileRef = 046DE1FE1AA01A8D0097BAB0 /* AppDelegate.m */; };
		046DE2091AA01A9C0097BAB0 /* CollectionViewController.m in Sources */ = {isa = PBXBuildFile; fileRef = 046DE2011AA01A9C0097BAB0 /* CollectionViewController.m */; };
		046DE20A1AA01A9C0097BAB0 /* CollectionViewController.xib in Resources */ = {isa = PBXBuildFile; fileRef = 046DE2021AA01A9C0097BAB0 /* CollectionViewController.xib */; };
		046DE20B1AA01A9C0097BAB0 /* CollectionViewTableViewCell.m in Sources */ = {isa = PBXBuildFile; fileRef = 046DE2041AA01A9C0097BAB0 /* CollectionViewTableViewCell.m */; };
		046DE20C1AA01A9C0097BAB0 /* CollectionViewTableViewCell.xib in Resources */ = {isa = PBXBuildFile; fileRef = 046DE2051AA01A9C0097BAB0 /* CollectionViewTableViewCell.xib */; };
		046DE2241AA01AFB0097BAB0 /* InitialViewController.m in Sources */ = {isa = PBXBuildFile; fileRef = 046DE2101AA01AFB0097BAB0 /* InitialViewController.m */; };
		046DE2251AA01AFB0097BAB0 /* InitialViewController.xib in Resources */ = {isa = PBXBuildFile; fileRef = 046DE2111AA01AFB0097BAB0 /* InitialViewController.xib */; };
		046DE2261AA01AFB0097BAB0 /* ListViewCell.m in Sources */ = {isa = PBXBuildFile; fileRef = 046DE2131AA01AFB0097BAB0 /* ListViewCell.m */; };
		046DE2271AA01AFB0097BAB0 /* ListViewCell.xib in Resources */ = {isa = PBXBuildFile; fileRef = 046DE2141AA01AFB0097BAB0 /* ListViewCell.xib */; };
		046DE2281AA01AFB0097BAB0 /* LoginViewController.m in Sources */ = {isa = PBXBuildFile; fileRef = 046DE2161AA01AFB0097BAB0 /* LoginViewController.m */; };
		046DE2291AA01AFB0097BAB0 /* LoginViewController.xib in Resources */ = {isa = PBXBuildFile; fileRef = 046DE2171AA01AFB0097BAB0 /* LoginViewController.xib */; };
		046DE22A1AA01AFB0097BAB0 /* MoviePosterCollectionViewCell.m in Sources */ = {isa = PBXBuildFile; fileRef = 046DE2191AA01AFB0097BAB0 /* MoviePosterCollectionViewCell.m */; };
		046DE22B1AA01AFB0097BAB0 /* MoviePosterCollectionViewCell.xib in Resources */ = {isa = PBXBuildFile; fileRef = 046DE21A1AA01AFB0097BAB0 /* MoviePosterCollectionViewCell.xib */; };
		046DE22C1AA01AFB0097BAB0 /* purple_background.png in Resources */ = {isa = PBXBuildFile; fileRef = 046DE21B1AA01AFB0097BAB0 /* purple_background.png */; };
		046DE22D1AA01AFB0097BAB0 /* purple_background@2x.png in Resources */ = {isa = PBXBuildFile; fileRef = 046DE21C1AA01AFB0097BAB0 /* purple_background@2x.png */; };
		046DE22E1AA01AFB0097BAB0 /* purple_background@3x.png in Resources */ = {isa = PBXBuildFile; fileRef = 046DE21D1AA01AFB0097BAB0 /* purple_background@3x.png */; };
		046DE22F1AA01AFB0097BAB0 /* SignUpViewController.m in Sources */ = {isa = PBXBuildFile; fileRef = 046DE21F1AA01AFB0097BAB0 /* SignUpViewController.m */; };
		046DE2301AA01AFB0097BAB0 /* SignUpViewController.xib in Resources */ = {isa = PBXBuildFile; fileRef = 046DE2201AA01AFB0097BAB0 /* SignUpViewController.xib */; };
		046DE2311AA01AFB0097BAB0 /* TextFieldTableViewCell.m in Sources */ = {isa = PBXBuildFile; fileRef = 046DE2221AA01AFB0097BAB0 /* TextFieldTableViewCell.m */; };
		046DE2321AA01AFB0097BAB0 /* TextFieldTableViewCell.xib in Resources */ = {isa = PBXBuildFile; fileRef = 046DE2231AA01AFB0097BAB0 /* TextFieldTableViewCell.xib */; };
		046DE2381AA01B110097BAB0 /* YTSManager.m in Sources */ = {isa = PBXBuildFile; fileRef = 046DE2361AA01B110097BAB0 /* YTSManager.m */; };
		046DE2411AA032A40097BAB0 /* AccountViewController.m in Sources */ = {isa = PBXBuildFile; fileRef = 046DE23F1AA032A40097BAB0 /* AccountViewController.m */; };
		046DE2421AA032A40097BAB0 /* AccountViewController.xib in Resources */ = {isa = PBXBuildFile; fileRef = 046DE2401AA032A40097BAB0 /* AccountViewController.xib */; };
		0475D7091B597D1A004B7711 /* YTSModel.xcdatamodeld in Sources */ = {isa = PBXBuildFile; fileRef = 0475D7071B597D1A004B7711 /* YTSModel.xcdatamodeld */; };
		048865F31AB279D600B41A20 /* IVTVTableViewCell.m in Sources */ = {isa = PBXBuildFile; fileRef = 048865F11AB279D600B41A20 /* IVTVTableViewCell.m */; };
		048865F41AB279D600B41A20 /* IVTVTableViewCell.xib in Resources */ = {isa = PBXBuildFile; fileRef = 048865F21AB279D600B41A20 /* IVTVTableViewCell.xib */; };
		048865F71AB2871F00B41A20 /* TableViewCellFactory.m in Sources */ = {isa = PBXBuildFile; fileRef = 048865F61AB2871F00B41A20 /* TableViewCellFactory.m */; };
		04E0F31C1AA54BB2002F51D7 /* DetailViewController.m in Sources */ = {isa = PBXBuildFile; fileRef = 04E0F31A1AA54BB2002F51D7 /* DetailViewController.m */; };
		04E0F31D1AA54BB2002F51D7 /* DetailViewController.xib in Resources */ = {isa = PBXBuildFile; fileRef = 04E0F31B1AA54BB2002F51D7 /* DetailViewController.xib */; };
		04E0F3211AA56542002F51D7 /* user-icon@3x.png in Resources */ = {isa = PBXBuildFile; fileRef = 04E0F31E1AA56542002F51D7 /* user-icon@3x.png */; };
		04E0F3221AA56542002F51D7 /* user-icon@2x.png in Resources */ = {isa = PBXBuildFile; fileRef = 04E0F31F1AA56542002F51D7 /* user-icon@2x.png */; };
		04E0F3231AA56542002F51D7 /* user-icon.png in Resources */ = {isa = PBXBuildFile; fileRef = 04E0F3201AA56542002F51D7 /* user-icon.png */; };
		04E0F3271AA57C43002F51D7 /* MultiLabelTableViewCell.m in Sources */ = {isa = PBXBuildFile; fileRef = 04E0F3251AA57C43002F51D7 /* MultiLabelTableViewCell.m */; };
		04E0F3281AA57C43002F51D7 /* MultiLabelTableViewCell.xib in Resources */ = {isa = PBXBuildFile; fileRef = 04E0F3261AA57C43002F51D7 /* MultiLabelTableViewCell.xib */; };
		04E923491B59C707009FA660 /* YTSActor.m in Sources */ = {isa = PBXBuildFile; fileRef = 04E923481B59C707009FA660 /* YTSActor.m */; };
		04E9234C1B59C708009FA660 /* YTSDirector.m in Sources */ = {isa = PBXBuildFile; fileRef = 04E9234B1B59C708009FA660 /* YTSDirector.m */; };
		04E9234F1B59C708009FA660 /* YTSTorrent.m in Sources */ = {isa = PBXBuildFile; fileRef = 04E9234E1B59C708009FA660 /* YTSTorrent.m */; };
		04E923521B59C708009FA660 /* YTSMovie.m in Sources */ = {isa = PBXBuildFile; fileRef = 04E923511B59C708009FA660 /* YTSMovie.m */; };
		04E923551B59C708009FA660 /* YTSListMovie.m in Sources */ = {isa = PBXBuildFile; fileRef = 04E923541B59C708009FA660 /* YTSListMovie.m */; };
		04E923581B59C708009FA660 /* YTSGenre.m in Sources */ = {isa = PBXBuildFile; fileRef = 04E923571B59C708009FA660 /* YTSGenre.m */; };
		2E790C943EA791F201A0106F /* libPods-YTSFinal.a in Frameworks */ = {isa = PBXBuildFile; fileRef = DF9035DA3717560C4118E710 /* libPods-YTSFinal.a */; };
/* End PBXBuildFile section */

/* Begin PBXContainerItemProxy section */
		046DE1EE1AA01A4E0097BAB0 /* PBXContainerItemProxy */ = {
			isa = PBXContainerItemProxy;
			containerPortal = 046DE1CC1AA01A4E0097BAB0 /* Project object */;
			proxyType = 1;
			remoteGlobalIDString = 046DE1D31AA01A4E0097BAB0;
			remoteInfo = YTSFinal;
		};
/* End PBXContainerItemProxy section */

/* Begin PBXFileReference section */
		046DE1D41AA01A4E0097BAB0 /* YTSFinal.app */ = {isa = PBXFileReference; explicitFileType = wrapper.application; includeInIndex = 0; path = YTSFinal.app; sourceTree = BUILT_PRODUCTS_DIR; };
		046DE1D81AA01A4E0097BAB0 /* Info.plist */ = {isa = PBXFileReference; lastKnownFileType = text.plist.xml; path = Info.plist; sourceTree = "<group>"; };
		046DE1D91AA01A4E0097BAB0 /* main.m */ = {isa = PBXFileReference; lastKnownFileType = sourcecode.c.objc; path = main.m; sourceTree = "<group>"; };
		046DE1E41AA01A4E0097BAB0 /* Images.xcassets */ = {isa = PBXFileReference; lastKnownFileType = folder.assetcatalog; path = Images.xcassets; sourceTree = "<group>"; };
		046DE1E71AA01A4E0097BAB0 /* Base */ = {isa = PBXFileReference; lastKnownFileType = file.xib; name = Base; path = Base.lproj/LaunchScreen.xib; sourceTree = "<group>"; };
		046DE1ED1AA01A4E0097BAB0 /* YTSFinalTests.xctest */ = {isa = PBXFileReference; explicitFileType = wrapper.cfbundle; includeInIndex = 0; path = YTSFinalTests.xctest; sourceTree = BUILT_PRODUCTS_DIR; };
		046DE1F21AA01A4E0097BAB0 /* Info.plist */ = {isa = PBXFileReference; lastKnownFileType = text.plist.xml; path = Info.plist; sourceTree = "<group>"; };
		046DE1F31AA01A4E0097BAB0 /* YTSFinalTests.m */ = {isa = PBXFileReference; lastKnownFileType = sourcecode.c.objc; path = YTSFinalTests.m; sourceTree = "<group>"; };
		046DE1FD1AA01A8D0097BAB0 /* AppDelegate.h */ = {isa = PBXFileReference; fileEncoding = 4; lastKnownFileType = sourcecode.c.h; path = AppDelegate.h; sourceTree = "<group>"; };
		046DE1FE1AA01A8D0097BAB0 /* AppDelegate.m */ = {isa = PBXFileReference; fileEncoding = 4; lastKnownFileType = sourcecode.c.objc; path = AppDelegate.m; sourceTree = "<group>"; };
		046DE2001AA01A9C0097BAB0 /* CollectionViewController.h */ = {isa = PBXFileReference; fileEncoding = 4; lastKnownFileType = sourcecode.c.h; path = CollectionViewController.h; sourceTree = "<group>"; };
		046DE2011AA01A9C0097BAB0 /* CollectionViewController.m */ = {isa = PBXFileReference; fileEncoding = 4; lastKnownFileType = sourcecode.c.objc; path = CollectionViewController.m; sourceTree = "<group>"; };
		046DE2021AA01A9C0097BAB0 /* CollectionViewController.xib */ = {isa = PBXFileReference; fileEncoding = 4; lastKnownFileType = file.xib; path = CollectionViewController.xib; sourceTree = "<group>"; };
		046DE2031AA01A9C0097BAB0 /* CollectionViewTableViewCell.h */ = {isa = PBXFileReference; fileEncoding = 4; lastKnownFileType = sourcecode.c.h; path = CollectionViewTableViewCell.h; sourceTree = "<group>"; };
		046DE2041AA01A9C0097BAB0 /* CollectionViewTableViewCell.m */ = {isa = PBXFileReference; fileEncoding = 4; lastKnownFileType = sourcecode.c.objc; path = CollectionViewTableViewCell.m; sourceTree = "<group>"; };
		046DE2051AA01A9C0097BAB0 /* CollectionViewTableViewCell.xib */ = {isa = PBXFileReference; fileEncoding = 4; lastKnownFileType = file.xib; path = CollectionViewTableViewCell.xib; sourceTree = "<group>"; };
		046DE20F1AA01AFB0097BAB0 /* InitialViewController.h */ = {isa = PBXFileReference; fileEncoding = 4; lastKnownFileType = sourcecode.c.h; path = InitialViewController.h; sourceTree = "<group>"; };
		046DE2101AA01AFB0097BAB0 /* InitialViewController.m */ = {isa = PBXFileReference; fileEncoding = 4; lastKnownFileType = sourcecode.c.objc; path = InitialViewController.m; sourceTree = "<group>"; };
		046DE2111AA01AFB0097BAB0 /* InitialViewController.xib */ = {isa = PBXFileReference; fileEncoding = 4; lastKnownFileType = file.xib; path = InitialViewController.xib; sourceTree = "<group>"; };
		046DE2121AA01AFB0097BAB0 /* ListViewCell.h */ = {isa = PBXFileReference; fileEncoding = 4; lastKnownFileType = sourcecode.c.h; path = ListViewCell.h; sourceTree = "<group>"; };
		046DE2131AA01AFB0097BAB0 /* ListViewCell.m */ = {isa = PBXFileReference; fileEncoding = 4; lastKnownFileType = sourcecode.c.objc; path = ListViewCell.m; sourceTree = "<group>"; };
		046DE2141AA01AFB0097BAB0 /* ListViewCell.xib */ = {isa = PBXFileReference; fileEncoding = 4; lastKnownFileType = file.xib; path = ListViewCell.xib; sourceTree = "<group>"; };
		046DE2151AA01AFB0097BAB0 /* LoginViewController.h */ = {isa = PBXFileReference; fileEncoding = 4; lastKnownFileType = sourcecode.c.h; path = LoginViewController.h; sourceTree = "<group>"; };
		046DE2161AA01AFB0097BAB0 /* LoginViewController.m */ = {isa = PBXFileReference; fileEncoding = 4; lastKnownFileType = sourcecode.c.objc; path = LoginViewController.m; sourceTree = "<group>"; };
		046DE2171AA01AFB0097BAB0 /* LoginViewController.xib */ = {isa = PBXFileReference; fileEncoding = 4; lastKnownFileType = file.xib; path = LoginViewController.xib; sourceTree = "<group>"; };
		046DE2181AA01AFB0097BAB0 /* MoviePosterCollectionViewCell.h */ = {isa = PBXFileReference; fileEncoding = 4; lastKnownFileType = sourcecode.c.h; path = MoviePosterCollectionViewCell.h; sourceTree = "<group>"; };
		046DE2191AA01AFB0097BAB0 /* MoviePosterCollectionViewCell.m */ = {isa = PBXFileReference; fileEncoding = 4; lastKnownFileType = sourcecode.c.objc; path = MoviePosterCollectionViewCell.m; sourceTree = "<group>"; };
		046DE21A1AA01AFB0097BAB0 /* MoviePosterCollectionViewCell.xib */ = {isa = PBXFileReference; fileEncoding = 4; lastKnownFileType = file.xib; path = MoviePosterCollectionViewCell.xib; sourceTree = "<group>"; };
		046DE21B1AA01AFB0097BAB0 /* purple_background.png */ = {isa = PBXFileReference; lastKnownFileType = image.png; path = purple_background.png; sourceTree = "<group>"; };
		046DE21C1AA01AFB0097BAB0 /* purple_background@2x.png */ = {isa = PBXFileReference; lastKnownFileType = image.png; path = "purple_background@2x.png"; sourceTree = "<group>"; };
		046DE21D1AA01AFB0097BAB0 /* purple_background@3x.png */ = {isa = PBXFileReference; lastKnownFileType = image.png; path = "purple_background@3x.png"; sourceTree = "<group>"; };
		046DE21E1AA01AFB0097BAB0 /* SignUpViewController.h */ = {isa = PBXFileReference; fileEncoding = 4; lastKnownFileType = sourcecode.c.h; path = SignUpViewController.h; sourceTree = "<group>"; };
		046DE21F1AA01AFB0097BAB0 /* SignUpViewController.m */ = {isa = PBXFileReference; fileEncoding = 4; lastKnownFileType = sourcecode.c.objc; path = SignUpViewController.m; sourceTree = "<group>"; };
		046DE2201AA01AFB0097BAB0 /* SignUpViewController.xib */ = {isa = PBXFileReference; fileEncoding = 4; lastKnownFileType = file.xib; path = SignUpViewController.xib; sourceTree = "<group>"; };
		046DE2211AA01AFB0097BAB0 /* TextFieldTableViewCell.h */ = {isa = PBXFileReference; fileEncoding = 4; lastKnownFileType = sourcecode.c.h; path = TextFieldTableViewCell.h; sourceTree = "<group>"; };
		046DE2221AA01AFB0097BAB0 /* TextFieldTableViewCell.m */ = {isa = PBXFileReference; fileEncoding = 4; lastKnownFileType = sourcecode.c.objc; path = TextFieldTableViewCell.m; sourceTree = "<group>"; };
		046DE2231AA01AFB0097BAB0 /* TextFieldTableViewCell.xib */ = {isa = PBXFileReference; fileEncoding = 4; lastKnownFileType = file.xib; path = TextFieldTableViewCell.xib; sourceTree = "<group>"; };
		046DE2351AA01B110097BAB0 /* YTSManager.h */ = {isa = PBXFileReference; fileEncoding = 4; lastKnownFileType = sourcecode.c.h; path = YTSManager.h; sourceTree = "<group>"; };
		046DE2361AA01B110097BAB0 /* YTSManager.m */ = {isa = PBXFileReference; fileEncoding = 4; lastKnownFileType = sourcecode.c.objc; path = YTSManager.m; sourceTree = "<group>"; };
		046DE23E1AA032A40097BAB0 /* AccountViewController.h */ = {isa = PBXFileReference; fileEncoding = 4; lastKnownFileType = sourcecode.c.h; path = AccountViewController.h; sourceTree = "<group>"; };
		046DE23F1AA032A40097BAB0 /* AccountViewController.m */ = {isa = PBXFileReference; fileEncoding = 4; lastKnownFileType = sourcecode.c.objc; path = AccountViewController.m; sourceTree = "<group>"; };
		046DE2401AA032A40097BAB0 /* AccountViewController.xib */ = {isa = PBXFileReference; fileEncoding = 4; lastKnownFileType = file.xib; path = AccountViewController.xib; sourceTree = "<group>"; };
		0475D7081B597D1A004B7711 /* YTSModel.xcdatamodel */ = {isa = PBXFileReference; lastKnownFileType = wrapper.xcdatamodel; path = YTSModel.xcdatamodel; sourceTree = "<group>"; };
		048865F01AB279D600B41A20 /* IVTVTableViewCell.h */ = {isa = PBXFileReference; fileEncoding = 4; lastKnownFileType = sourcecode.c.h; path = IVTVTableViewCell.h; sourceTree = "<group>"; };
		048865F11AB279D600B41A20 /* IVTVTableViewCell.m */ = {isa = PBXFileReference; fileEncoding = 4; lastKnownFileType = sourcecode.c.objc; path = IVTVTableViewCell.m; sourceTree = "<group>"; };
		048865F21AB279D600B41A20 /* IVTVTableViewCell.xib */ = {isa = PBXFileReference; fileEncoding = 4; lastKnownFileType = file.xib; path = IVTVTableViewCell.xib; sourceTree = "<group>"; };
		048865F51AB2871F00B41A20 /* TableViewCellFactory.h */ = {isa = PBXFileReference; fileEncoding = 4; lastKnownFileType = sourcecode.c.h; path = TableViewCellFactory.h; sourceTree = "<group>"; };
		048865F61AB2871F00B41A20 /* TableViewCellFactory.m */ = {isa = PBXFileReference; fileEncoding = 4; lastKnownFileType = sourcecode.c.objc; path = TableViewCellFactory.m; sourceTree = "<group>"; };
		04E0F3191AA54BB2002F51D7 /* DetailViewController.h */ = {isa = PBXFileReference; fileEncoding = 4; lastKnownFileType = sourcecode.c.h; path = DetailViewController.h; sourceTree = "<group>"; };
		04E0F31A1AA54BB2002F51D7 /* DetailViewController.m */ = {isa = PBXFileReference; fileEncoding = 4; lastKnownFileType = sourcecode.c.objc; path = DetailViewController.m; sourceTree = "<group>"; };
		04E0F31B1AA54BB2002F51D7 /* DetailViewController.xib */ = {isa = PBXFileReference; fileEncoding = 4; lastKnownFileType = file.xib; path = DetailViewController.xib; sourceTree = "<group>"; };
		04E0F31E1AA56542002F51D7 /* user-icon@3x.png */ = {isa = PBXFileReference; lastKnownFileType = image.png; path = "user-icon@3x.png"; sourceTree = "<group>"; };
		04E0F31F1AA56542002F51D7 /* user-icon@2x.png */ = {isa = PBXFileReference; lastKnownFileType = image.png; path = "user-icon@2x.png"; sourceTree = "<group>"; };
		04E0F3201AA56542002F51D7 /* user-icon.png */ = {isa = PBXFileReference; lastKnownFileType = image.png; path = "user-icon.png"; sourceTree = "<group>"; };
		04E0F3241AA57C43002F51D7 /* MultiLabelTableViewCell.h */ = {isa = PBXFileReference; fileEncoding = 4; lastKnownFileType = sourcecode.c.h; path = MultiLabelTableViewCell.h; sourceTree = "<group>"; };
		04E0F3251AA57C43002F51D7 /* MultiLabelTableViewCell.m */ = {isa = PBXFileReference; fileEncoding = 4; lastKnownFileType = sourcecode.c.objc; path = MultiLabelTableViewCell.m; sourceTree = "<group>"; };
		04E0F3261AA57C43002F51D7 /* MultiLabelTableViewCell.xib */ = {isa = PBXFileReference; fileEncoding = 4; lastKnownFileType = file.xib; path = MultiLabelTableViewCell.xib; sourceTree = "<group>"; };
		04E923461B59BF65009FA660 /* YTSConstants.h */ = {isa = PBXFileReference; fileEncoding = 4; lastKnownFileType = sourcecode.c.h; path = YTSConstants.h; sourceTree = "<group>"; };
		04E923471B59C707009FA660 /* YTSActor.h */ = {isa = PBXFileReference; fileEncoding = 4; lastKnownFileType = sourcecode.c.h; path = YTSActor.h; sourceTree = "<group>"; };
		04E923481B59C707009FA660 /* YTSActor.m */ = {isa = PBXFileReference; fileEncoding = 4; lastKnownFileType = sourcecode.c.objc; path = YTSActor.m; sourceTree = "<group>"; };
		04E9234A1B59C708009FA660 /* YTSDirector.h */ = {isa = PBXFileReference; fileEncoding = 4; lastKnownFileType = sourcecode.c.h; path = YTSDirector.h; sourceTree = "<group>"; };
		04E9234B1B59C708009FA660 /* YTSDirector.m */ = {isa = PBXFileReference; fileEncoding = 4; lastKnownFileType = sourcecode.c.objc; path = YTSDirector.m; sourceTree = "<group>"; };
		04E9234D1B59C708009FA660 /* YTSTorrent.h */ = {isa = PBXFileReference; fileEncoding = 4; lastKnownFileType = sourcecode.c.h; path = YTSTorrent.h; sourceTree = "<group>"; };
		04E9234E1B59C708009FA660 /* YTSTorrent.m */ = {isa = PBXFileReference; fileEncoding = 4; lastKnownFileType = sourcecode.c.objc; path = YTSTorrent.m; sourceTree = "<group>"; };
		04E923501B59C708009FA660 /* YTSMovie.h */ = {isa = PBXFileReference; fileEncoding = 4; lastKnownFileType = sourcecode.c.h; path = YTSMovie.h; sourceTree = "<group>"; };
		04E923511B59C708009FA660 /* YTSMovie.m */ = {isa = PBXFileReference; fileEncoding = 4; lastKnownFileType = sourcecode.c.objc; path = YTSMovie.m; sourceTree = "<group>"; };
		04E923531B59C708009FA660 /* YTSListMovie.h */ = {isa = PBXFileReference; fileEncoding = 4; lastKnownFileType = sourcecode.c.h; path = YTSListMovie.h; sourceTree = "<group>"; };
		04E923541B59C708009FA660 /* YTSListMovie.m */ = {isa = PBXFileReference; fileEncoding = 4; lastKnownFileType = sourcecode.c.objc; path = YTSListMovie.m; sourceTree = "<group>"; };
		04E923561B59C708009FA660 /* YTSGenre.h */ = {isa = PBXFileReference; fileEncoding = 4; lastKnownFileType = sourcecode.c.h; path = YTSGenre.h; sourceTree = "<group>"; };
		04E923571B59C708009FA660 /* YTSGenre.m */ = {isa = PBXFileReference; fileEncoding = 4; lastKnownFileType = sourcecode.c.objc; path = YTSGenre.m; sourceTree = "<group>"; };
		1F934169E2C2F87B633AE686 /* Pods-YTSFinal.debug.xcconfig */ = {isa = PBXFileReference; includeInIndex = 1; lastKnownFileType = text.xcconfig; name = "Pods-YTSFinal.debug.xcconfig"; path = "Pods/Target Support Files/Pods-YTSFinal/Pods-YTSFinal.debug.xcconfig"; sourceTree = "<group>"; };
		2B3D7BFF263B1CD571641F49 /* Pods-YTSFinal.release.xcconfig */ = {isa = PBXFileReference; includeInIndex = 1; lastKnownFileType = text.xcconfig; name = "Pods-YTSFinal.release.xcconfig"; path = "Pods/Target Support Files/Pods-YTSFinal/Pods-YTSFinal.release.xcconfig"; sourceTree = "<group>"; };
		DF9035DA3717560C4118E710 /* libPods-YTSFinal.a */ = {isa = PBXFileReference; explicitFileType = archive.ar; includeInIndex = 0; path = "libPods-YTSFinal.a"; sourceTree = BUILT_PRODUCTS_DIR; };
/* End PBXFileReference section */

/* Begin PBXFrameworksBuildPhase section */
		046DE1D11AA01A4E0097BAB0 /* Frameworks */ = {
			isa = PBXFrameworksBuildPhase;
			buildActionMask = 2147483647;
			files = (
				2E790C943EA791F201A0106F /* libPods-YTSFinal.a in Frameworks */,
			);
			runOnlyForDeploymentPostprocessing = 0;
		};
		046DE1EA1AA01A4E0097BAB0 /* Frameworks */ = {
			isa = PBXFrameworksBuildPhase;
			buildActionMask = 2147483647;
			files = (
			);
			runOnlyForDeploymentPostprocessing = 0;
		};
/* End PBXFrameworksBuildPhase section */

/* Begin PBXGroup section */
		045460BC1B58791C00568EF3 /* Account */ = {
			isa = PBXGroup;
			children = (
				046DE23E1AA032A40097BAB0 /* AccountViewController.h */,
				046DE23F1AA032A40097BAB0 /* AccountViewController.m */,
				046DE2401AA032A40097BAB0 /* AccountViewController.xib */,
				046DE2151AA01AFB0097BAB0 /* LoginViewController.h */,
				046DE2161AA01AFB0097BAB0 /* LoginViewController.m */,
				046DE2171AA01AFB0097BAB0 /* LoginViewController.xib */,
				046DE21E1AA01AFB0097BAB0 /* SignUpViewController.h */,
				046DE21F1AA01AFB0097BAB0 /* SignUpViewController.m */,
				046DE2201AA01AFB0097BAB0 /* SignUpViewController.xib */,
			);
			name = Account;
			sourceTree = "<group>";
		};
		046DE1CB1AA01A4E0097BAB0 = {
			isa = PBXGroup;
			children = (
				04E923591B59C711009FA660 /* Model */,
				046DE1D61AA01A4E0097BAB0 /* YTSFinal */,
				046DE1F01AA01A4E0097BAB0 /* YTSFinalTests */,
				046DE1D51AA01A4E0097BAB0 /* Products */,
				5713901EF1D227B0280FC507 /* Pods */,
				F05C56A6E211A91A0DD7B330 /* Frameworks */,
			);
			sourceTree = "<group>";
		};
		046DE1D51AA01A4E0097BAB0 /* Products */ = {
			isa = PBXGroup;
			children = (
				046DE1D41AA01A4E0097BAB0 /* YTSFinal.app */,
				046DE1ED1AA01A4E0097BAB0 /* YTSFinalTests.xctest */,
			);
			name = Products;
			sourceTree = "<group>";
		};
		046DE1D61AA01A4E0097BAB0 /* YTSFinal */ = {
			isa = PBXGroup;
			children = (
				04E0F31E1AA56542002F51D7 /* user-icon@3x.png */,
				04E0F31F1AA56542002F51D7 /* user-icon@2x.png */,
				04E0F3201AA56542002F51D7 /* user-icon.png */,
				046DE2391AA01B160097BAB0 /* YTS Manager */,
				048865F81AB2878800B41A20 /* Custom Cells */,
				046DE1FD1AA01A8D0097BAB0 /* AppDelegate.h */,
				046DE1FE1AA01A8D0097BAB0 /* AppDelegate.m */,
				046DE1E41AA01A4E0097BAB0 /* Images.xcassets */,
				046DE20F1AA01AFB0097BAB0 /* InitialViewController.h */,
				046DE2101AA01AFB0097BAB0 /* InitialViewController.m */,
				046DE2111AA01AFB0097BAB0 /* InitialViewController.xib */,
				046DE2001AA01A9C0097BAB0 /* CollectionViewController.h */,
				046DE2011AA01A9C0097BAB0 /* CollectionViewController.m */,
				046DE2021AA01A9C0097BAB0 /* CollectionViewController.xib */,
				04E0F3191AA54BB2002F51D7 /* DetailViewController.h */,
				04E0F31A1AA54BB2002F51D7 /* DetailViewController.m */,
				04E0F31B1AA54BB2002F51D7 /* DetailViewController.xib */,
				046DE2181AA01AFB0097BAB0 /* MoviePosterCollectionViewCell.h */,
				046DE2191AA01AFB0097BAB0 /* MoviePosterCollectionViewCell.m */,
				046DE21A1AA01AFB0097BAB0 /* MoviePosterCollectionViewCell.xib */,
				045460BC1B58791C00568EF3 /* Account */,
				046DE21B1AA01AFB0097BAB0 /* purple_background.png */,
				046DE21C1AA01AFB0097BAB0 /* purple_background@2x.png */,
				046DE21D1AA01AFB0097BAB0 /* purple_background@3x.png */,
				048865F51AB2871F00B41A20 /* TableViewCellFactory.h */,
				048865F61AB2871F00B41A20 /* TableViewCellFactory.m */,
				046DE1E61AA01A4E0097BAB0 /* LaunchScreen.xib */,
				046DE1D71AA01A4E0097BAB0 /* Supporting Files */,
			);
			path = YTSFinal;
			sourceTree = "<group>";
		};
		046DE1D71AA01A4E0097BAB0 /* Supporting Files */ = {
			isa = PBXGroup;
			children = (
				046DE1D81AA01A4E0097BAB0 /* Info.plist */,
				046DE1D91AA01A4E0097BAB0 /* main.m */,
				0475D7071B597D1A004B7711 /* YTSModel.xcdatamodeld */,
			);
			name = "Supporting Files";
			sourceTree = "<group>";
		};
		046DE1F01AA01A4E0097BAB0 /* YTSFinalTests */ = {
			isa = PBXGroup;
			children = (
				046DE1F31AA01A4E0097BAB0 /* YTSFinalTests.m */,
				046DE1F11AA01A4E0097BAB0 /* Supporting Files */,
			);
			path = YTSFinalTests;
			sourceTree = "<group>";
		};
		046DE1F11AA01A4E0097BAB0 /* Supporting Files */ = {
			isa = PBXGroup;
			children = (
				046DE1F21AA01A4E0097BAB0 /* Info.plist */,
			);
			name = "Supporting Files";
			sourceTree = "<group>";
		};
		046DE2391AA01B160097BAB0 /* YTS Manager */ = {
			isa = PBXGroup;
			children = (
				04E923461B59BF65009FA660 /* YTSConstants.h */,
				046DE2351AA01B110097BAB0 /* YTSManager.h */,
				046DE2361AA01B110097BAB0 /* YTSManager.m */,
			);
			name = "YTS Manager";
			sourceTree = "<group>";
		};
		048865F81AB2878800B41A20 /* Custom Cells */ = {
			isa = PBXGroup;
			children = (
				046DE2031AA01A9C0097BAB0 /* CollectionViewTableViewCell.h */,
				046DE2041AA01A9C0097BAB0 /* CollectionViewTableViewCell.m */,
				046DE2051AA01A9C0097BAB0 /* CollectionViewTableViewCell.xib */,
				046DE2121AA01AFB0097BAB0 /* ListViewCell.h */,
				046DE2131AA01AFB0097BAB0 /* ListViewCell.m */,
				046DE2141AA01AFB0097BAB0 /* ListViewCell.xib */,
				04E0F3241AA57C43002F51D7 /* MultiLabelTableViewCell.h */,
				04E0F3251AA57C43002F51D7 /* MultiLabelTableViewCell.m */,
				04E0F3261AA57C43002F51D7 /* MultiLabelTableViewCell.xib */,
				048865F01AB279D600B41A20 /* IVTVTableViewCell.h */,
				048865F11AB279D600B41A20 /* IVTVTableViewCell.m */,
				048865F21AB279D600B41A20 /* IVTVTableViewCell.xib */,
				046DE2211AA01AFB0097BAB0 /* TextFieldTableViewCell.h */,
				046DE2221AA01AFB0097BAB0 /* TextFieldTableViewCell.m */,
				046DE2231AA01AFB0097BAB0 /* TextFieldTableViewCell.xib */,
			);
			name = "Custom Cells";
			sourceTree = "<group>";
		};
		04E923591B59C711009FA660 /* Model */ = {
			isa = PBXGroup;
			children = (
				04E923561B59C708009FA660 /* YTSGenre.h */,
				04E923571B59C708009FA660 /* YTSGenre.m */,
				04E923531B59C708009FA660 /* YTSListMovie.h */,
				04E923541B59C708009FA660 /* YTSListMovie.m */,
				04E923501B59C708009FA660 /* YTSMovie.h */,
				04E923511B59C708009FA660 /* YTSMovie.m */,
				04E9234D1B59C708009FA660 /* YTSTorrent.h */,
				04E9234E1B59C708009FA660 /* YTSTorrent.m */,
				04E9234A1B59C708009FA660 /* YTSDirector.h */,
				04E9234B1B59C708009FA660 /* YTSDirector.m */,
				04E923471B59C707009FA660 /* YTSActor.h */,
				04E923481B59C707009FA660 /* YTSActor.m */,
			);
			name = Model;
			sourceTree = "<group>";
		};
		5713901EF1D227B0280FC507 /* Pods */ = {
			isa = PBXGroup;
			children = (
				1F934169E2C2F87B633AE686 /* Pods-YTSFinal.debug.xcconfig */,
				2B3D7BFF263B1CD571641F49 /* Pods-YTSFinal.release.xcconfig */,
			);
			name = Pods;
			sourceTree = "<group>";
		};
		F05C56A6E211A91A0DD7B330 /* Frameworks */ = {
			isa = PBXGroup;
			children = (
				DF9035DA3717560C4118E710 /* libPods-YTSFinal.a */,
			);
			name = Frameworks;
			sourceTree = "<group>";
		};
/* End PBXGroup section */

/* Begin PBXNativeTarget section */
		046DE1D31AA01A4E0097BAB0 /* YTSFinal */ = {
			isa = PBXNativeTarget;
			buildConfigurationList = 046DE1F71AA01A4E0097BAB0 /* Build configuration list for PBXNativeTarget "YTSFinal" */;
			buildPhases = (
				AA8A4E33932B60C66AF0DC8F /* Check Pods Manifest.lock */,
				046DE1D01AA01A4E0097BAB0 /* Sources */,
				046DE1D11AA01A4E0097BAB0 /* Frameworks */,
				046DE1D21AA01A4E0097BAB0 /* Resources */,
				CEAE3345AB20A0BF7AAD59D7 /* Copy Pods Resources */,
			);
			buildRules = (
			);
			dependencies = (
			);
			name = YTSFinal;
			productName = YTSFinal;
			productReference = 046DE1D41AA01A4E0097BAB0 /* YTSFinal.app */;
			productType = "com.apple.product-type.application";
		};
		046DE1EC1AA01A4E0097BAB0 /* YTSFinalTests */ = {
			isa = PBXNativeTarget;
			buildConfigurationList = 046DE1FA1AA01A4E0097BAB0 /* Build configuration list for PBXNativeTarget "YTSFinalTests" */;
			buildPhases = (
				046DE1E91AA01A4E0097BAB0 /* Sources */,
				046DE1EA1AA01A4E0097BAB0 /* Frameworks */,
				046DE1EB1AA01A4E0097BAB0 /* Resources */,
			);
			buildRules = (
			);
			dependencies = (
				046DE1EF1AA01A4E0097BAB0 /* PBXTargetDependency */,
			);
			name = YTSFinalTests;
			productName = YTSFinalTests;
			productReference = 046DE1ED1AA01A4E0097BAB0 /* YTSFinalTests.xctest */;
			productType = "com.apple.product-type.bundle.unit-test";
		};
/* End PBXNativeTarget section */

/* Begin PBXProject section */
		046DE1CC1AA01A4E0097BAB0 /* Project object */ = {
			isa = PBXProject;
			attributes = {
				LastUpgradeCheck = 0610;
				ORGANIZATIONNAME = "Art Sevilla";
				TargetAttributes = {
					046DE1D31AA01A4E0097BAB0 = {
						CreatedOnToolsVersion = 6.1.1;
					};
					046DE1EC1AA01A4E0097BAB0 = {
						CreatedOnToolsVersion = 6.1.1;
						TestTargetID = 046DE1D31AA01A4E0097BAB0;
					};
				};
			};
			buildConfigurationList = 046DE1CF1AA01A4E0097BAB0 /* Build configuration list for PBXProject "YTSFinal" */;
			compatibilityVersion = "Xcode 3.2";
			developmentRegion = English;
			hasScannedForEncodings = 0;
			knownRegions = (
				en,
				Base,
			);
			mainGroup = 046DE1CB1AA01A4E0097BAB0;
			productRefGroup = 046DE1D51AA01A4E0097BAB0 /* Products */;
			projectDirPath = "";
			projectRoot = "";
			targets = (
				046DE1D31AA01A4E0097BAB0 /* YTSFinal */,
				046DE1EC1AA01A4E0097BAB0 /* YTSFinalTests */,
			);
		};
/* End PBXProject section */

/* Begin PBXResourcesBuildPhase section */
		046DE1D21AA01A4E0097BAB0 /* Resources */ = {
			isa = PBXResourcesBuildPhase;
			buildActionMask = 2147483647;
			files = (
				046DE2291AA01AFB0097BAB0 /* LoginViewController.xib in Resources */,
				046DE22E1AA01AFB0097BAB0 /* purple_background@3x.png in Resources */,
				046DE22C1AA01AFB0097BAB0 /* purple_background.png in Resources */,
				04E0F3221AA56542002F51D7 /* user-icon@2x.png in Resources */,
				04E0F3211AA56542002F51D7 /* user-icon@3x.png in Resources */,
				046DE2301AA01AFB0097BAB0 /* SignUpViewController.xib in Resources */,
				046DE2421AA032A40097BAB0 /* AccountViewController.xib in Resources */,
				046DE20A1AA01A9C0097BAB0 /* CollectionViewController.xib in Resources */,
				046DE2271AA01AFB0097BAB0 /* ListViewCell.xib in Resources */,
				04E0F31D1AA54BB2002F51D7 /* DetailViewController.xib in Resources */,
				048865F41AB279D600B41A20 /* IVTVTableViewCell.xib in Resources */,
				046DE1E81AA01A4E0097BAB0 /* LaunchScreen.xib in Resources */,
				046DE22D1AA01AFB0097BAB0 /* purple_background@2x.png in Resources */,
				046DE22B1AA01AFB0097BAB0 /* MoviePosterCollectionViewCell.xib in Resources */,
				046DE20C1AA01A9C0097BAB0 /* CollectionViewTableViewCell.xib in Resources */,
				046DE2321AA01AFB0097BAB0 /* TextFieldTableViewCell.xib in Resources */,
				046DE1E51AA01A4E0097BAB0 /* Images.xcassets in Resources */,
				04E0F3281AA57C43002F51D7 /* MultiLabelTableViewCell.xib in Resources */,
				046DE2251AA01AFB0097BAB0 /* InitialViewController.xib in Resources */,
				04E0F3231AA56542002F51D7 /* user-icon.png in Resources */,
			);
			runOnlyForDeploymentPostprocessing = 0;
		};
		046DE1EB1AA01A4E0097BAB0 /* Resources */ = {
			isa = PBXResourcesBuildPhase;
			buildActionMask = 2147483647;
			files = (
			);
			runOnlyForDeploymentPostprocessing = 0;
		};
/* End PBXResourcesBuildPhase section */

/* Begin PBXShellScriptBuildPhase section */
		AA8A4E33932B60C66AF0DC8F /* Check Pods Manifest.lock */ = {
			isa = PBXShellScriptBuildPhase;
			buildActionMask = 2147483647;
			files = (
			);
			inputPaths = (
			);
			name = "Check Pods Manifest.lock";
			outputPaths = (
			);
			runOnlyForDeploymentPostprocessing = 0;
			shellPath = /bin/sh;
			shellScript = "diff \"${PODS_ROOT}/../Podfile.lock\" \"${PODS_ROOT}/Manifest.lock\" > /dev/null\nif [[ $? != 0 ]] ; then\n    cat << EOM\nerror: The sandbox is not in sync with the Podfile.lock. Run 'pod install' or update your CocoaPods installation.\nEOM\n    exit 1\nfi\n";
			showEnvVarsInLog = 0;
		};
		CEAE3345AB20A0BF7AAD59D7 /* Copy Pods Resources */ = {
			isa = PBXShellScriptBuildPhase;
			buildActionMask = 2147483647;
			files = (
			);
			inputPaths = (
			);
			name = "Copy Pods Resources";
			outputPaths = (
			);
			runOnlyForDeploymentPostprocessing = 0;
			shellPath = /bin/sh;
			shellScript = "\"${SRCROOT}/Pods/Target Support Files/Pods-YTSFinal/Pods-YTSFinal-resources.sh\"\n";
			showEnvVarsInLog = 0;
		};
/* End PBXShellScriptBuildPhase section */

/* Begin PBXSourcesBuildPhase section */
		046DE1D01AA01A4E0097BAB0 /* Sources */ = {
			isa = PBXSourcesBuildPhase;
			buildActionMask = 2147483647;
			files = (
				048865F71AB2871F00B41A20 /* TableViewCellFactory.m in Sources */,
				046DE2281AA01AFB0097BAB0 /* LoginViewController.m in Sources */,
				04E923491B59C707009FA660 /* YTSActor.m in Sources */,
				046DE2411AA032A40097BAB0 /* AccountViewController.m in Sources */,
				046DE22A1AA01AFB0097BAB0 /* MoviePosterCollectionViewCell.m in Sources */,
				046DE1FF1AA01A8D0097BAB0 /* AppDelegate.m in Sources */,
				046DE1DA1AA01A4E0097BAB0 /* main.m in Sources */,
				0475D7091B597D1A004B7711 /* YTSModel.xcdatamodeld in Sources */,
				046DE2241AA01AFB0097BAB0 /* InitialViewController.m in Sources */,
				04E9234F1B59C708009FA660 /* YTSTorrent.m in Sources */,
				04E0F3271AA57C43002F51D7 /* MultiLabelTableViewCell.m in Sources */,
				04E923551B59C708009FA660 /* YTSListMovie.m in Sources */,
				04E923581B59C708009FA660 /* YTSGenre.m in Sources */,
				046DE2311AA01AFB0097BAB0 /* TextFieldTableViewCell.m in Sources */,
				046DE22F1AA01AFB0097BAB0 /* SignUpViewController.m in Sources */,
				04E923521B59C708009FA660 /* YTSMovie.m in Sources */,
				048865F31AB279D600B41A20 /* IVTVTableViewCell.m in Sources */,
				046DE20B1AA01A9C0097BAB0 /* CollectionViewTableViewCell.m in Sources */,
				04E9234C1B59C708009FA660 /* YTSDirector.m in Sources */,
				046DE2381AA01B110097BAB0 /* YTSManager.m in Sources */,
				046DE2091AA01A9C0097BAB0 /* CollectionViewController.m in Sources */,
				046DE2261AA01AFB0097BAB0 /* ListViewCell.m in Sources */,
				04E0F31C1AA54BB2002F51D7 /* DetailViewController.m in Sources */,
			);
			runOnlyForDeploymentPostprocessing = 0;
		};
		046DE1E91AA01A4E0097BAB0 /* Sources */ = {
			isa = PBXSourcesBuildPhase;
			buildActionMask = 2147483647;
			files = (
				046DE1F41AA01A4E0097BAB0 /* YTSFinalTests.m in Sources */,
			);
			runOnlyForDeploymentPostprocessing = 0;
		};
/* End PBXSourcesBuildPhase section */

/* Begin PBXTargetDependency section */
		046DE1EF1AA01A4E0097BAB0 /* PBXTargetDependency */ = {
			isa = PBXTargetDependency;
			target = 046DE1D31AA01A4E0097BAB0 /* YTSFinal */;
			targetProxy = 046DE1EE1AA01A4E0097BAB0 /* PBXContainerItemProxy */;
		};
/* End PBXTargetDependency section */

/* Begin PBXVariantGroup section */
		046DE1E61AA01A4E0097BAB0 /* LaunchScreen.xib */ = {
			isa = PBXVariantGroup;
			children = (
				046DE1E71AA01A4E0097BAB0 /* Base */,
			);
			name = LaunchScreen.xib;
			sourceTree = "<group>";
		};
/* End PBXVariantGroup section */

/* Begin XCBuildConfiguration section */
		046DE1F51AA01A4E0097BAB0 /* Debug */ = {
			isa = XCBuildConfiguration;
			buildSettings = {
				ALWAYS_SEARCH_USER_PATHS = NO;
				CLANG_CXX_LANGUAGE_STANDARD = "gnu++0x";
				CLANG_CXX_LIBRARY = "libc++";
				CLANG_ENABLE_MODULES = YES;
				CLANG_ENABLE_OBJC_ARC = YES;
				CLANG_WARN_BOOL_CONVERSION = YES;
				CLANG_WARN_CONSTANT_CONVERSION = YES;
				CLANG_WARN_DIRECT_OBJC_ISA_USAGE = YES_ERROR;
				CLANG_WARN_EMPTY_BODY = YES;
				CLANG_WARN_ENUM_CONVERSION = YES;
				CLANG_WARN_INT_CONVERSION = YES;
				CLANG_WARN_OBJC_ROOT_CLASS = YES_ERROR;
				CLANG_WARN_UNREACHABLE_CODE = YES;
				CLANG_WARN__DUPLICATE_METHOD_MATCH = YES;
				"CODE_SIGN_IDENTITY[sdk=iphoneos*]" = "iPhone Developer";
				COPY_PHASE_STRIP = NO;
				ENABLE_STRICT_OBJC_MSGSEND = YES;
				GCC_C_LANGUAGE_STANDARD = gnu99;
				GCC_DYNAMIC_NO_PIC = NO;
				GCC_OPTIMIZATION_LEVEL = 0;
				GCC_PREPROCESSOR_DEFINITIONS = (
					"DEBUG=1",
					"$(inherited)",
				);
				GCC_SYMBOLS_PRIVATE_EXTERN = NO;
				GCC_WARN_64_TO_32_BIT_CONVERSION = YES;
				GCC_WARN_ABOUT_RETURN_TYPE = YES_ERROR;
				GCC_WARN_UNDECLARED_SELECTOR = YES;
				GCC_WARN_UNINITIALIZED_AUTOS = YES_AGGRESSIVE;
				GCC_WARN_UNUSED_FUNCTION = YES;
				GCC_WARN_UNUSED_VARIABLE = YES;
				IPHONEOS_DEPLOYMENT_TARGET = 8.1;
				MTL_ENABLE_DEBUG_INFO = YES;
				ONLY_ACTIVE_ARCH = YES;
				SDKROOT = iphoneos;
			};
			name = Debug;
		};
		046DE1F61AA01A4E0097BAB0 /* Release */ = {
			isa = XCBuildConfiguration;
			buildSettings = {
				ALWAYS_SEARCH_USER_PATHS = NO;
				CLANG_CXX_LANGUAGE_STANDARD = "gnu++0x";
				CLANG_CXX_LIBRARY = "libc++";
				CLANG_ENABLE_MODULES = YES;
				CLANG_ENABLE_OBJC_ARC = YES;
				CLANG_WARN_BOOL_CONVERSION = YES;
				CLANG_WARN_CONSTANT_CONVERSION = YES;
				CLANG_WARN_DIRECT_OBJC_ISA_USAGE = YES_ERROR;
				CLANG_WARN_EMPTY_BODY = YES;
				CLANG_WARN_ENUM_CONVERSION = YES;
				CLANG_WARN_INT_CONVERSION = YES;
				CLANG_WARN_OBJC_ROOT_CLASS = YES_ERROR;
				CLANG_WARN_UNREACHABLE_CODE = YES;
				CLANG_WARN__DUPLICATE_METHOD_MATCH = YES;
				"CODE_SIGN_IDENTITY[sdk=iphoneos*]" = "iPhone Developer";
				COPY_PHASE_STRIP = YES;
				ENABLE_NS_ASSERTIONS = NO;
				ENABLE_STRICT_OBJC_MSGSEND = YES;
				GCC_C_LANGUAGE_STANDARD = gnu99;
				GCC_WARN_64_TO_32_BIT_CONVERSION = YES;
				GCC_WARN_ABOUT_RETURN_TYPE = YES_ERROR;
				GCC_WARN_UNDECLARED_SELECTOR = YES;
				GCC_WARN_UNINITIALIZED_AUTOS = YES_AGGRESSIVE;
				GCC_WARN_UNUSED_FUNCTION = YES;
				GCC_WARN_UNUSED_VARIABLE = YES;
				IPHONEOS_DEPLOYMENT_TARGET = 8.1;
				MTL_ENABLE_DEBUG_INFO = NO;
				SDKROOT = iphoneos;
				VALIDATE_PRODUCT = YES;
			};
			name = Release;
		};
		046DE1F81AA01A4E0097BAB0 /* Debug */ = {
			isa = XCBuildConfiguration;
			baseConfigurationReference = 1F934169E2C2F87B633AE686 /* Pods-YTSFinal.debug.xcconfig */;
			buildSettings = {
				ASSETCATALOG_COMPILER_APPICON_NAME = AppIcon;
				FRAMEWORK_SEARCH_PATHS = (
					"$(inherited)",
					/Users/mac/Developer/CollectionViewTest,
				);
				INFOPLIST_FILE = YTSFinal/Info.plist;
				LD_RUNPATH_SEARCH_PATHS = "$(inherited) @executable_path/Frameworks";
				PRODUCT_NAME = "$(TARGET_NAME)";
			};
			name = Debug;
		};
		046DE1F91AA01A4E0097BAB0 /* Release */ = {
			isa = XCBuildConfiguration;
			baseConfigurationReference = 2B3D7BFF263B1CD571641F49 /* Pods-YTSFinal.release.xcconfig */;
			buildSettings = {
				ASSETCATALOG_COMPILER_APPICON_NAME = AppIcon;
				FRAMEWORK_SEARCH_PATHS = (
					"$(inherited)",
					/Users/mac/Developer/CollectionViewTest,
				);
				INFOPLIST_FILE = YTSFinal/Info.plist;
				LD_RUNPATH_SEARCH_PATHS = "$(inherited) @executable_path/Frameworks";
				PRODUCT_NAME = "$(TARGET_NAME)";
			};
			name = Release;
		};
		046DE1FB1AA01A4E0097BAB0 /* Debug */ = {
			isa = XCBuildConfiguration;
			buildSettings = {
				BUNDLE_LOADER = "$(TEST_HOST)";
				FRAMEWORK_SEARCH_PATHS = (
					"$(SDKROOT)/Developer/Library/Frameworks",
					"$(inherited)",
				);
				GCC_PREPROCESSOR_DEFINITIONS = (
					"DEBUG=1",
					"$(inherited)",
				);
				INFOPLIST_FILE = YTSFinalTests/Info.plist;
				LD_RUNPATH_SEARCH_PATHS = "$(inherited) @executable_path/Frameworks @loader_path/Frameworks";
				PRODUCT_NAME = "$(TARGET_NAME)";
				TEST_HOST = "$(BUILT_PRODUCTS_DIR)/YTSFinal.app/YTSFinal";
			};
			name = Debug;
		};
		046DE1FC1AA01A4E0097BAB0 /* Release */ = {
			isa = XCBuildConfiguration;
			buildSettings = {
				BUNDLE_LOADER = "$(TEST_HOST)";
				FRAMEWORK_SEARCH_PATHS = (
					"$(SDKROOT)/Developer/Library/Frameworks",
					"$(inherited)",
				);
				INFOPLIST_FILE = YTSFinalTests/Info.plist;
				LD_RUNPATH_SEARCH_PATHS = "$(inherited) @executable_path/Frameworks @loader_path/Frameworks";
				PRODUCT_NAME = "$(TARGET_NAME)";
				TEST_HOST = "$(BUILT_PRODUCTS_DIR)/YTSFinal.app/YTSFinal";
			};
			name = Release;
		};
/* End XCBuildConfiguration section */

/* Begin XCConfigurationList section */
		046DE1CF1AA01A4E0097BAB0 /* Build configuration list for PBXProject "YTSFinal" */ = {
			isa = XCConfigurationList;
			buildConfigurations = (
				046DE1F51AA01A4E0097BAB0 /* Debug */,
				046DE1F61AA01A4E0097BAB0 /* Release */,
			);
			defaultConfigurationIsVisible = 0;
			defaultConfigurationName = Release;
		};
		046DE1F71AA01A4E0097BAB0 /* Build configuration list for PBXNativeTarget "YTSFinal" */ = {
			isa = XCConfigurationList;
			buildConfigurations = (
				046DE1F81AA01A4E0097BAB0 /* Debug */,
				046DE1F91AA01A4E0097BAB0 /* Release */,
			);
			defaultConfigurationIsVisible = 0;
			defaultConfigurationName = Release;
		};
		046DE1FA1AA01A4E0097BAB0 /* Build configuration list for PBXNativeTarget "YTSFinalTests" */ = {
			isa = XCConfigurationList;
			buildConfigurations = (
				046DE1FB1AA01A4E0097BAB0 /* Debug */,
				046DE1FC1AA01A4E0097BAB0 /* Release */,
			);
			defaultConfigurationIsVisible = 0;
			defaultConfigurationName = Release;
		};
/* End XCConfigurationList section */

/* Begin XCVersionGroup section */
		0475D7071B597D1A004B7711 /* YTSModel.xcdatamodeld */ = {
			isa = XCVersionGroup;
			children = (
				0475D7081B597D1A004B7711 /* YTSModel.xcdatamodel */,
			);
			currentVersion = 0475D7081B597D1A004B7711 /* YTSModel.xcdatamodel */;
			path = YTSModel.xcdatamodeld;
			sourceTree = "<group>";
			versionGroupType = wrapper.xcdatamodel;
		};
/* End XCVersionGroup section */
	};
	rootObject = 046DE1CC1AA01A4E0097BAB0 /* Project object */;
}
