// !$*UTF8*$!
{
	archiveVersion = 1;
	classes = {
	};
	objectVersion = 46;
	objects = {

/* Begin PBXBuildFile section */
		046DE1DA1AA01A4E0097BAB0 /* main.m in Sources */ = {isa = PBXBuildFile; fileRef = 046DE1D91AA01A4E0097BAB0 /* main.m */; };
		046DE1DD1AA01A4E0097BAB0 /* AppDelegate.m in Sources */ = {isa = PBXBuildFile; fileRef = 046DE1DC1AA01A4E0097BAB0 /* AppDelegate.m */; };
		046DE1E01AA01A4E0097BAB0 /* ViewController.m in Sources */ = {isa = PBXBuildFile; fileRef = 046DE1DF1AA01A4E0097BAB0 /* ViewController.m */; };
		046DE1E31AA01A4E0097BAB0 /* Main.storyboard in Resources */ = {isa = PBXBuildFile; fileRef = 046DE1E11AA01A4E0097BAB0 /* Main.storyboard */; };
		046DE1E51AA01A4E0097BAB0 /* Images.xcassets in Resources */ = {isa = PBXBuildFile; fileRef = 046DE1E41AA01A4E0097BAB0 /* Images.xcassets */; };
		046DE1E81AA01A4E0097BAB0 /* LaunchScreen.xib in Resources */ = {isa = PBXBuildFile; fileRef = 046DE1E61AA01A4E0097BAB0 /* LaunchScreen.xib */; };
		046DE1F41AA01A4E0097BAB0 /* YTSFinalTests.m in Sources */ = {isa = PBXBuildFile; fileRef = 046DE1F31AA01A4E0097BAB0 /* YTSFinalTests.m */; };
/* End PBXBuildFile section */

/* Begin PBXContainerItemProxy section */
		046DE1EE1AA01A4E0097BAB0 /* PBXContainerItemProxy */ = {
			isa = PBXContainerItemProxy;
			containerPortal = 046DE1CC1AA01A4E0097BAB0 /* Project object */;
			proxyType = 1;
			remoteGlobalIDString = 046DE1D31AA01A4E0097BAB0;
			remoteInfo = YTSFinal;
		};
/* End PBXContainerItemProxy section */

/* Begin PBXFileReference section */
		046DE1D41AA01A4E0097BAB0 /* YTSFinal.app */ = {isa = PBXFileReference; explicitFileType = wrapper.application; includeInIndex = 0; path = YTSFinal.app; sourceTree = BUILT_PRODUCTS_DIR; };
		046DE1D81AA01A4E0097BAB0 /* Info.plist */ = {isa = PBXFileReference; lastKnownFileType = text.plist.xml; path = Info.plist; sourceTree = "<group>"; };
		046DE1D91AA01A4E0097BAB0 /* main.m */ = {isa = PBXFileReference; lastKnownFileType = sourcecode.c.objc; path = main.m; sourceTree = "<group>"; };
		046DE1DB1AA01A4E0097BAB0 /* AppDelegate.h */ = {isa = PBXFileReference; lastKnownFileType = sourcecode.c.h; path = AppDelegate.h; sourceTree = "<group>"; };
		046DE1DC1AA01A4E0097BAB0 /* AppDelegate.m */ = {isa = PBXFileReference; lastKnownFileType = sourcecode.c.objc; path = AppDelegate.m; sourceTree = "<group>"; };
		046DE1DE1AA01A4E0097BAB0 /* ViewController.h */ = {isa = PBXFileReference; lastKnownFileType = sourcecode.c.h; path = ViewController.h; sourceTree = "<group>"; };
		046DE1DF1AA01A4E0097BAB0 /* ViewController.m */ = {isa = PBXFileReference; lastKnownFileType = sourcecode.c.objc; path = ViewController.m; sourceTree = "<group>"; };
		046DE1E21AA01A4E0097BAB0 /* Base */ = {isa = PBXFileReference; lastKnownFileType = file.storyboard; name = Base; path = Base.lproj/Main.storyboard; sourceTree = "<group>"; };
		046DE1E41AA01A4E0097BAB0 /* Images.xcassets */ = {isa = PBXFileReference; lastKnownFileType = folder.assetcatalog; path = Images.xcassets; sourceTree = "<group>"; };
		046DE1E71AA01A4E0097BAB0 /* Base */ = {isa = PBXFileReference; lastKnownFileType = file.xib; name = Base; path = Base.lproj/LaunchScreen.xib; sourceTree = "<group>"; };
		046DE1ED1AA01A4E0097BAB0 /* YTSFinalTests.xctest */ = {isa = PBXFileReference; explicitFileType = wrapper.cfbundle; includeInIndex = 0; path = YTSFinalTests.xctest; sourceTree = BUILT_PRODUCTS_DIR; };
		046DE1F21AA01A4E0097BAB0 /* Info.plist */ = {isa = PBXFileReference; lastKnownFileType = text.plist.xml; path = Info.plist; sourceTree = "<group>"; };
		046DE1F31AA01A4E0097BAB0 /* YTSFinalTests.m */ = {isa = PBXFileReference; lastKnownFileType = sourcecode.c.objc; path = YTSFinalTests.m; sourceTree = "<group>"; };
/* End PBXFileReference section */

/* Begin PBXFrameworksBuildPhase section */
		046DE1D11AA01A4E0097BAB0 /* Frameworks */ = {
			isa = PBXFrameworksBuildPhase;
			buildActionMask = 2147483647;
			files = (
			);
			runOnlyForDeploymentPostprocessing = 0;
		};
		046DE1EA1AA01A4E0097BAB0 /* Frameworks */ = {
			isa = PBXFrameworksBuildPhase;
			buildActionMask = 2147483647;
			files = (
			);
			runOnlyForDeploymentPostprocessing = 0;
		};
/* End PBXFrameworksBuildPhase section */

/* Begin PBXGroup section */
		046DE1CB1AA01A4E0097BAB0 = {
			isa = PBXGroup;
			children = (
				046DE1D61AA01A4E0097BAB0 /* YTSFinal */,
				046DE1F01AA01A4E0097BAB0 /* YTSFinalTests */,
				046DE1D51AA01A4E0097BAB0 /* Products */,
			);
			sourceTree = "<group>";
		};
		046DE1D51AA01A4E0097BAB0 /* Products */ = {
			isa = PBXGroup;
			children = (
				046DE1D41AA01A4E0097BAB0 /* YTSFinal.app */,
				046DE1ED1AA01A4E0097BAB0 /* YTSFinalTests.xctest */,
			);
			name = Products;
			sourceTree = "<group>";
		};
		046DE1D61AA01A4E0097BAB0 /* YTSFinal */ = {
			isa = PBXGroup;
			children = (
				046DE1DB1AA01A4E0097BAB0 /* AppDelegate.h */,
				046DE1DC1AA01A4E0097BAB0 /* AppDelegate.m */,
				046DE1DE1AA01A4E0097BAB0 /* ViewController.h */,
				046DE1DF1AA01A4E0097BAB0 /* ViewController.m */,
				046DE1E11AA01A4E0097BAB0 /* Main.storyboard */,
				046DE1E41AA01A4E0097BAB0 /* Images.xcassets */,
				046DE1E61AA01A4E0097BAB0 /* LaunchScreen.xib */,
				046DE1D71AA01A4E0097BAB0 /* Supporting Files */,
			);
			path = YTSFinal;
			sourceTree = "<group>";
		};
		046DE1D71AA01A4E0097BAB0 /* Supporting Files */ = {
			isa = PBXGroup;
			children = (
				046DE1D81AA01A4E0097BAB0 /* Info.plist */,
				046DE1D91AA01A4E0097BAB0 /* main.m */,
			);
			name = "Supporting Files";
			sourceTree = "<group>";
		};
		046DE1F01AA01A4E0097BAB0 /* YTSFinalTests */ = {
			isa = PBXGroup;
			children = (
				046DE1F31AA01A4E0097BAB0 /* YTSFinalTests.m */,
				046DE1F11AA01A4E0097BAB0 /* Supporting Files */,
			);
			path = YTSFinalTests;
			sourceTree = "<group>";
		};
		046DE1F11AA01A4E0097BAB0 /* Supporting Files */ = {
			isa = PBXGroup;
			children = (
				046DE1F21AA01A4E0097BAB0 /* Info.plist */,
			);
			name = "Supporting Files";
			sourceTree = "<group>";
		};
/* End PBXGroup section */

/* Begin PBXNativeTarget section */
		046DE1D31AA01A4E0097BAB0 /* YTSFinal */ = {
			isa = PBXNativeTarget;
			buildConfigurationList = 046DE1F71AA01A4E0097BAB0 /* Build configuration list for PBXNativeTarget "YTSFinal" */;
			buildPhases = (
				046DE1D01AA01A4E0097BAB0 /* Sources */,
				046DE1D11AA01A4E0097BAB0 /* Frameworks */,
				046DE1D21AA01A4E0097BAB0 /* Resources */,
			);
			buildRules = (
			);
			dependencies = (
			);
			name = YTSFinal;
			productName = YTSFinal;
			productReference = 046DE1D41AA01A4E0097BAB0 /* YTSFinal.app */;
			productType = "com.apple.product-type.application";
		};
		046DE1EC1AA01A4E0097BAB0 /* YTSFinalTests */ = {
			isa = PBXNativeTarget;
			buildConfigurationList = 046DE1FA1AA01A4E0097BAB0 /* Build configuration list for PBXNativeTarget "YTSFinalTests" */;
			buildPhases = (
				046DE1E91AA01A4E0097BAB0 /* Sources */,
				046DE1EA1AA01A4E0097BAB0 /* Frameworks */,
				046DE1EB1AA01A4E0097BAB0 /* Resources */,
			);
			buildRules = (
			);
			dependencies = (
				046DE1EF1AA01A4E0097BAB0 /* PBXTargetDependency */,
			);
			name = YTSFinalTests;
			productName = YTSFinalTests;
			productReference = 046DE1ED1AA01A4E0097BAB0 /* YTSFinalTests.xctest */;
			productType = "com.apple.product-type.bundle.unit-test";
		};
/* End PBXNativeTarget section */

/* Begin PBXProject section */
		046DE1CC1AA01A4E0097BAB0 /* Project object */ = {
			isa = PBXProject;
			attributes = {
				LastUpgradeCheck = 0610;
				ORGANIZATIONNAME = "Art Sevilla";
				TargetAttributes = {
					046DE1D31AA01A4E0097BAB0 = {
						CreatedOnToolsVersion = 6.1.1;
					};
					046DE1EC1AA01A4E0097BAB0 = {
						CreatedOnToolsVersion = 6.1.1;
						TestTargetID = 046DE1D31AA01A4E0097BAB0;
					};
				};
			};
			buildConfigurationList = 046DE1CF1AA01A4E0097BAB0 /* Build configuration list for PBXProject "YTSFinal" */;
			compatibilityVersion = "Xcode 3.2";
			developmentRegion = English;
			hasScannedForEncodings = 0;
			knownRegions = (
				en,
				Base,
			);
			mainGroup = 046DE1CB1AA01A4E0097BAB0;
			productRefGroup = 046DE1D51AA01A4E0097BAB0 /* Products */;
			projectDirPath = "";
			projectRoot = "";
			targets = (
				046DE1D31AA01A4E0097BAB0 /* YTSFinal */,
				046DE1EC1AA01A4E0097BAB0 /* YTSFinalTests */,
			);
		};
/* End PBXProject section */

/* Begin PBXResourcesBuildPhase section */
		046DE1D21AA01A4E0097BAB0 /* Resources */ = {
			isa = PBXResourcesBuildPhase;
			buildActionMask = 2147483647;
			files = (
				046DE1E31AA01A4E0097BAB0 /* Main.storyboard in Resources */,
				046DE1E81AA01A4E0097BAB0 /* LaunchScreen.xib in Resources */,
				046DE1E51AA01A4E0097BAB0 /* Images.xcassets in Resources */,
			);
			runOnlyForDeploymentPostprocessing = 0;
		};
		046DE1EB1AA01A4E0097BAB0 /* Resources */ = {
			isa = PBXResourcesBuildPhase;
			buildActionMask = 2147483647;
			files = (
			);
			runOnlyForDeploymentPostprocessing = 0;
		};
/* End PBXResourcesBuildPhase section */

/* Begin PBXSourcesBuildPhase section */
		046DE1D01AA01A4E0097BAB0 /* Sources */ = {
			isa = PBXSourcesBuildPhase;
			buildActionMask = 2147483647;
			files = (
				046DE1E01AA01A4E0097BAB0 /* ViewController.m in Sources */,
				046DE1DD1AA01A4E0097BAB0 /* AppDelegate.m in Sources */,
				046DE1DA1AA01A4E0097BAB0 /* main.m in Sources */,
			);
			runOnlyForDeploymentPostprocessing = 0;
		};
		046DE1E91AA01A4E0097BAB0 /* Sources */ = {
			isa = PBXSourcesBuildPhase;
			buildActionMask = 2147483647;
			files = (
				046DE1F41AA01A4E0097BAB0 /* YTSFinalTests.m in Sources */,
			);
			runOnlyForDeploymentPostprocessing = 0;
		};
/* End PBXSourcesBuildPhase section */

/* Begin PBXTargetDependency section */
		046DE1EF1AA01A4E0097BAB0 /* PBXTargetDependency */ = {
			isa = PBXTargetDependency;
			target = 046DE1D31AA01A4E0097BAB0 /* YTSFinal */;
			targetProxy = 046DE1EE1AA01A4E0097BAB0 /* PBXContainerItemProxy */;
		};
/* End PBXTargetDependency section */

/* Begin PBXVariantGroup section */
		046DE1E11AA01A4E0097BAB0 /* Main.storyboard */ = {
			isa = PBXVariantGroup;
			children = (
				046DE1E21AA01A4E0097BAB0 /* Base */,
			);
			name = Main.storyboard;
			sourceTree = "<group>";
		};
		046DE1E61AA01A4E0097BAB0 /* LaunchScreen.xib */ = {
			isa = PBXVariantGroup;
			children = (
				046DE1E71AA01A4E0097BAB0 /* Base */,
			);
			name = LaunchScreen.xib;
			sourceTree = "<group>";
		};
/* End PBXVariantGroup section */

/* Begin XCBuildConfiguration section */
		046DE1F51AA01A4E0097BAB0 /* Debug */ = {
			isa = XCBuildConfiguration;
			buildSettings = {
				ALWAYS_SEARCH_USER_PATHS = NO;
				CLANG_CXX_LANGUAGE_STANDARD = "gnu++0x";
				CLANG_CXX_LIBRARY = "libc++";
				CLANG_ENABLE_MODULES = YES;
				CLANG_ENABLE_OBJC_ARC = YES;
				CLANG_WARN_BOOL_CONVERSION = YES;
				CLANG_WARN_CONSTANT_CONVERSION = YES;
				CLANG_WARN_DIRECT_OBJC_ISA_USAGE = YES_ERROR;
				CLANG_WARN_EMPTY_BODY = YES;
				CLANG_WARN_ENUM_CONVERSION = YES;
				CLANG_WARN_INT_CONVERSION = YES;
				CLANG_WARN_OBJC_ROOT_CLASS = YES_ERROR;
				CLANG_WARN_UNREACHABLE_CODE = YES;
				CLANG_WARN__DUPLICATE_METHOD_MATCH = YES;
				"CODE_SIGN_IDENTITY[sdk=iphoneos*]" = "iPhone Developer";
				COPY_PHASE_STRIP = NO;
				ENABLE_STRICT_OBJC_MSGSEND = YES;
				GCC_C_LANGUAGE_STANDARD = gnu99;
				GCC_DYNAMIC_NO_PIC = NO;
				GCC_OPTIMIZATION_LEVEL = 0;
				GCC_PREPROCESSOR_DEFINITIONS = (
					"DEBUG=1",
					"$(inherited)",
				);
				GCC_SYMBOLS_PRIVATE_EXTERN = NO;
				GCC_WARN_64_TO_32_BIT_CONVERSION = YES;
				GCC_WARN_ABOUT_RETURN_TYPE = YES_ERROR;
				GCC_WARN_UNDECLARED_SELECTOR = YES;
				GCC_WARN_UNINITIALIZED_AUTOS = YES_AGGRESSIVE;
				GCC_WARN_UNUSED_FUNCTION = YES;
				GCC_WARN_UNUSED_VARIABLE = YES;
				IPHONEOS_DEPLOYMENT_TARGET = 8.1;
				MTL_ENABLE_DEBUG_INFO = YES;
				ONLY_ACTIVE_ARCH = YES;
				SDKROOT = iphoneos;
			};
			name = Debug;
		};
		046DE1F61AA01A4E0097BAB0 /* Release */ = {
			isa = XCBuildConfiguration;
			buildSettings = {
				ALWAYS_SEARCH_USER_PATHS = NO;
				CLANG_CXX_LANGUAGE_STANDARD = "gnu++0x";
				CLANG_CXX_LIBRARY = "libc++";
				CLANG_ENABLE_MODULES = YES;
				CLANG_ENABLE_OBJC_ARC = YES;
				CLANG_WARN_BOOL_CONVERSION = YES;
				CLANG_WARN_CONSTANT_CONVERSION = YES;
				CLANG_WARN_DIRECT_OBJC_ISA_USAGE = YES_ERROR;
				CLANG_WARN_EMPTY_BODY = YES;
				CLANG_WARN_ENUM_CONVERSION = YES;
				CLANG_WARN_INT_CONVERSION = YES;
				CLANG_WARN_OBJC_ROOT_CLASS = YES_ERROR;
				CLANG_WARN_UNREACHABLE_CODE = YES;
				CLANG_WARN__DUPLICATE_METHOD_MATCH = YES;
				"CODE_SIGN_IDENTITY[sdk=iphoneos*]" = "iPhone Developer";
				COPY_PHASE_STRIP = YES;
				ENABLE_NS_ASSERTIONS = NO;
				ENABLE_STRICT_OBJC_MSGSEND = YES;
				GCC_C_LANGUAGE_STANDARD = gnu99;
				GCC_WARN_64_TO_32_BIT_CONVERSION = YES;
				GCC_WARN_ABOUT_RETURN_TYPE = YES_ERROR;
				GCC_WARN_UNDECLARED_SELECTOR = YES;
				GCC_WARN_UNINITIALIZED_AUTOS = YES_AGGRESSIVE;
				GCC_WARN_UNUSED_FUNCTION = YES;
				GCC_WARN_UNUSED_VARIABLE = YES;
				IPHONEOS_DEPLOYMENT_TARGET = 8.1;
				MTL_ENABLE_DEBUG_INFO = NO;
				SDKROOT = iphoneos;
				VALIDATE_PRODUCT = YES;
			};
			name = Release;
		};
		046DE1F81AA01A4E0097BAB0 /* Debug */ = {
			isa = XCBuildConfiguration;
			buildSettings = {
				ASSETCATALOG_COMPILER_APPICON_NAME = AppIcon;
				INFOPLIST_FILE = YTSFinal/Info.plist;
				LD_RUNPATH_SEARCH_PATHS = "$(inherited) @executable_path/Frameworks";
				PRODUCT_NAME = "$(TARGET_NAME)";
			};
			name = Debug;
		};
		046DE1F91AA01A4E0097BAB0 /* Release */ = {
			isa = XCBuildConfiguration;
			buildSettings = {
				ASSETCATALOG_COMPILER_APPICON_NAME = AppIcon;
				INFOPLIST_FILE = YTSFinal/Info.plist;
				LD_RUNPATH_SEARCH_PATHS = "$(inherited) @executable_path/Frameworks";
				PRODUCT_NAME = "$(TARGET_NAME)";
			};
			name = Release;
		};
		046DE1FB1AA01A4E0097BAB0 /* Debug */ = {
			isa = XCBuildConfiguration;
			buildSettings = {
				BUNDLE_LOADER = "$(TEST_HOST)";
				FRAMEWORK_SEARCH_PATHS = (
					"$(SDKROOT)/Developer/Library/Frameworks",
					"$(inherited)",
				);
				GCC_PREPROCESSOR_DEFINITIONS = (
					"DEBUG=1",
					"$(inherited)",
				);
				INFOPLIST_FILE = YTSFinalTests/Info.plist;
				LD_RUNPATH_SEARCH_PATHS = "$(inherited) @executable_path/Frameworks @loader_path/Frameworks";
				PRODUCT_NAME = "$(TARGET_NAME)";
				TEST_HOST = "$(BUILT_PRODUCTS_DIR)/YTSFinal.app/YTSFinal";
			};
			name = Debug;
		};
		046DE1FC1AA01A4E0097BAB0 /* Release */ = {
			isa = XCBuildConfiguration;
			buildSettings = {
				BUNDLE_LOADER = "$(TEST_HOST)";
				FRAMEWORK_SEARCH_PATHS = (
					"$(SDKROOT)/Developer/Library/Frameworks",
					"$(inherited)",
				);
				INFOPLIST_FILE = YTSFinalTests/Info.plist;
				LD_RUNPATH_SEARCH_PATHS = "$(inherited) @executable_path/Frameworks @loader_path/Frameworks";
				PRODUCT_NAME = "$(TARGET_NAME)";
				TEST_HOST = "$(BUILT_PRODUCTS_DIR)/YTSFinal.app/YTSFinal";
			};
			name = Release;
		};
/* End XCBuildConfiguration section */

/* Begin XCConfigurationList section */
		046DE1CF1AA01A4E0097BAB0 /* Build configuration list for PBXProject "YTSFinal" */ = {
			isa = XCConfigurationList;
			buildConfigurations = (
				046DE1F51AA01A4E0097BAB0 /* Debug */,
				046DE1F61AA01A4E0097BAB0 /* Release */,
			);
			defaultConfigurationIsVisible = 0;
			defaultConfigurationName = Release;
		};
		046DE1F71AA01A4E0097BAB0 /* Build configuration list for PBXNativeTarget "YTSFinal" */ = {
			isa = XCConfigurationList;
			buildConfigurations = (
				046DE1F81AA01A4E0097BAB0 /* Debug */,
				046DE1F91AA01A4E0097BAB0 /* Release */,
			);
			defaultConfigurationIsVisible = 0;
		};
		046DE1FA1AA01A4E0097BAB0 /* Build configuration list for PBXNativeTarget "YTSFinalTests" */ = {
			isa = XCConfigurationList;
			buildConfigurations = (
				046DE1FB1AA01A4E0097BAB0 /* Debug */,
				046DE1FC1AA01A4E0097BAB0 /* Release */,
			);
			defaultConfigurationIsVisible = 0;
		};
/* End XCConfigurationList section */
	};
	rootObject = 046DE1CC1AA01A4E0097BAB0 /* Project object */;
}
